
Microsoft Visual Studio Solution File, Format Version 12.00
# Visual Studio 15
VisualStudioVersion = 15.0.28307.705
MinimumVisualStudioVersion = 10.0.40219.1
Project("{FAE04EC0-301F-11D3-BF4B-00C04F79EFBC}") = "SQLITEEsame.Android", "SQLITEEsame\SQLITEEsame.Android\SQLITEEsame.Android.csproj", "{EFA696FD-FEC6-4502-AC4B-2A6F6D7D8745}"
EndProject
Project("{FAE04EC0-301F-11D3-BF4B-00C04F79EFBC}") = "SQLITEEsame.iOS", "SQLITEEsame\SQLITEEsame.iOS\SQLITEEsame.iOS.csproj", "{34E0D2FA-1A23-4553-8698-65D7C1FCB465}"
EndProject
Project("{FAE04EC0-301F-11D3-BF4B-00C04F79EFBC}") = "SQLITEEsame", "SQLITEEsame\SQLITEEsame\SQLITEEsame.csproj", "{5B1177F6-A17A-47B0-B725-7140B8CA6CFF}"
EndProject
Global
	GlobalSection(SolutionConfigurationPlatforms) = preSolution
		Ad-Hoc|Any CPU = Ad-Hoc|Any CPU
		Ad-Hoc|iPhone = Ad-Hoc|iPhone
		Ad-Hoc|iPhoneSimulator = Ad-Hoc|iPhoneSimulator
		AppStore|Any CPU = AppStore|Any CPU
		AppStore|iPhone = AppStore|iPhone
		AppStore|iPhoneSimulator = AppStore|iPhoneSimulator
		Debug|Any CPU = Debug|Any CPU
		Debug|iPhone = Debug|iPhone
		Debug|iPhoneSimulator = Debug|iPhoneSimulator
		Release|Any CPU = Release|Any CPU
		Release|iPhone = Release|iPhone
		Release|iPhoneSimulator = Release|iPhoneSimulator
	EndGlobalSection
	GlobalSection(ProjectConfigurationPlatforms) = postSolution
		{EFA696FD-FEC6-4502-AC4B-2A6F6D7D8745}.Ad-Hoc|Any CPU.ActiveCfg = Release|Any CPU
		{EFA696FD-FEC6-4502-AC4B-2A6F6D7D8745}.Ad-Hoc|Any CPU.Build.0 = Release|Any CPU
		{EFA696FD-FEC6-4502-AC4B-2A6F6D7D8745}.Ad-Hoc|Any CPU.Deploy.0 = Release|Any CPU
		{EFA696FD-FEC6-4502-AC4B-2A6F6D7D8745}.Ad-Hoc|iPhone.ActiveCfg = Release|Any CPU
		{EFA696FD-FEC6-4502-AC4B-2A6F6D7D8745}.Ad-Hoc|iPhone.Build.0 = Release|Any CPU
		{EFA696FD-FEC6-4502-AC4B-2A6F6D7D8745}.Ad-Hoc|iPhone.Deploy.0 = Release|Any CPU
		{EFA696FD-FEC6-4502-AC4B-2A6F6D7D8745}.Ad-Hoc|iPhoneSimulator.ActiveCfg = Release|Any CPU
		{EFA696FD-FEC6-4502-AC4B-2A6F6D7D8745}.Ad-Hoc|iPhoneSimulator.Build.0 = Release|Any CPU
		{EFA696FD-FEC6-4502-AC4B-2A6F6D7D8745}.Ad-Hoc|iPhoneSimulator.Deploy.0 = Release|Any CPU
		{EFA696FD-FEC6-4502-AC4B-2A6F6D7D8745}.AppStore|Any CPU.ActiveCfg = Release|Any CPU
		{EFA696FD-FEC6-4502-AC4B-2A6F6D7D8745}.AppStore|Any CPU.Build.0 = Release|Any CPU
		{EFA696FD-FEC6-4502-AC4B-2A6F6D7D8745}.AppStore|Any CPU.Deploy.0 = Release|Any CPU
		{EFA696FD-FEC6-4502-AC4B-2A6F6D7D8745}.AppStore|iPhone.ActiveCfg = Release|Any CPU
		{EFA696FD-FEC6-4502-AC4B-2A6F6D7D8745}.AppStore|iPhone.Build.0 = Release|Any CPU
		{EFA696FD-FEC6-4502-AC4B-2A6F6D7D8745}.AppStore|iPhone.Deploy.0 = Release|Any CPU
		{EFA696FD-FEC6-4502-AC4B-2A6F6D7D8745}.AppStore|iPhoneSimulator.ActiveCfg = Release|Any CPU
		{EFA696FD-FEC6-4502-AC4B-2A6F6D7D8745}.AppStore|iPhoneSimulator.Build.0 = Release|Any CPU
		{EFA696FD-FEC6-4502-AC4B-2A6F6D7D8745}.AppStore|iPhoneSimulator.Deploy.0 = Release|Any CPU
		{EFA696FD-FEC6-4502-AC4B-2A6F6D7D8745}.Debug|Any CPU.ActiveCfg = Debug|Any CPU
		{EFA696FD-FEC6-4502-AC4B-2A6F6D7D8745}.Debug|Any CPU.Build.0 = Debug|Any CPU
		{EFA696FD-FEC6-4502-AC4B-2A6F6D7D8745}.Debug|Any CPU.Deploy.0 = Debug|Any CPU
		{EFA696FD-FEC6-4502-AC4B-2A6F6D7D8745}.Debug|iPhone.ActiveCfg = Debug|Any CPU
		{EFA696FD-FEC6-4502-AC4B-2A6F6D7D8745}.Debug|iPhone.Build.0 = Debug|Any CPU
		{EFA696FD-FEC6-4502-AC4B-2A6F6D7D8745}.Debug|iPhone.Deploy.0 = Debug|Any CPU
		{EFA696FD-FEC6-4502-AC4B-2A6F6D7D8745}.Debug|iPhoneSimulator.ActiveCfg = Debug|Any CPU
		{EFA696FD-FEC6-4502-AC4B-2A6F6D7D8745}.Debug|iPhoneSimulator.Build.0 = Debug|Any CPU
		{EFA696FD-FEC6-4502-AC4B-2A6F6D7D8745}.Debug|iPhoneSimulator.Deploy.0 = Debug|Any CPU
		{EFA696FD-FEC6-4502-AC4B-2A6F6D7D8745}.Release|Any CPU.ActiveCfg = Release|Any CPU
		{EFA696FD-FEC6-4502-AC4B-2A6F6D7D8745}.Release|Any CPU.Build.0 = Release|Any CPU
		{EFA696FD-FEC6-4502-AC4B-2A6F6D7D8745}.Release|Any CPU.Deploy.0 = Release|Any CPU
		{EFA696FD-FEC6-4502-AC4B-2A6F6D7D8745}.Release|iPhone.ActiveCfg = Release|Any CPU
		{EFA696FD-FEC6-4502-AC4B-2A6F6D7D8745}.Release|iPhone.Build.0 = Release|Any CPU
		{EFA696FD-FEC6-4502-AC4B-2A6F6D7D8745}.Release|iPhone.Deploy.0 = Release|Any CPU
		{EFA696FD-FEC6-4502-AC4B-2A6F6D7D8745}.Release|iPhoneSimulator.ActiveCfg = Release|Any CPU
		{EFA696FD-FEC6-4502-AC4B-2A6F6D7D8745}.Release|iPhoneSimulator.Build.0 = Release|Any CPU
		{EFA696FD-FEC6-4502-AC4B-2A6F6D7D8745}.Release|iPhoneSimulator.Deploy.0 = Release|Any CPU
		{34E0D2FA-1A23-4553-8698-65D7C1FCB465}.Ad-Hoc|Any CPU.ActiveCfg = Ad-Hoc|iPhone
		{34E0D2FA-1A23-4553-8698-65D7C1FCB465}.Ad-Hoc|Any CPU.Build.0 = Ad-Hoc|iPhone
		{34E0D2FA-1A23-4553-8698-65D7C1FCB465}.Ad-Hoc|Any CPU.Deploy.0 = Ad-Hoc|iPhone
		{34E0D2FA-1A23-4553-8698-65D7C1FCB465}.Ad-Hoc|iPhone.ActiveCfg = Ad-Hoc|iPhone
		{34E0D2FA-1A23-4553-8698-65D7C1FCB465}.Ad-Hoc|iPhone.Build.0 = Ad-Hoc|iPhone
		{34E0D2FA-1A23-4553-8698-65D7C1FCB465}.Ad-Hoc|iPhone.Deploy.0 = Ad-Hoc|iPhone
		{34E0D2FA-1A23-4553-8698-65D7C1FCB465}.Ad-Hoc|iPhoneSimulator.ActiveCfg = Ad-Hoc|iPhoneSimulator
		{34E0D2FA-1A23-4553-8698-65D7C1FCB465}.Ad-Hoc|iPhoneSimulator.Build.0 = Ad-Hoc|iPhoneSimulator
		{34E0D2FA-1A23-4553-8698-65D7C1FCB465}.Ad-Hoc|iPhoneSimulator.Deploy.0 = Ad-Hoc|iPhoneSimulator
		{34E0D2FA-1A23-4553-8698-65D7C1FCB465}.AppStore|Any CPU.ActiveCfg = AppStore|iPhone
		{34E0D2FA-1A23-4553-8698-65D7C1FCB465}.AppStore|Any CPU.Build.0 = AppStore|iPhone
		{34E0D2FA-1A23-4553-8698-65D7C1FCB465}.AppStore|Any CPU.Deploy.0 = AppStore|iPhone
		{34E0D2FA-1A23-4553-8698-65D7C1FCB465}.AppStore|iPhone.ActiveCfg = AppStore|iPhone
		{34E0D2FA-1A23-4553-8698-65D7C1FCB465}.AppStore|iPhone.Build.0 = AppStore|iPhone
		{34E0D2FA-1A23-4553-8698-65D7C1FCB465}.AppStore|iPhone.Deploy.0 = AppStore|iPhone
		{34E0D2FA-1A23-4553-8698-65D7C1FCB465}.AppStore|iPhoneSimulator.ActiveCfg = AppStore|iPhoneSimulator
		{34E0D2FA-1A23-4553-8698-65D7C1FCB465}.AppStore|iPhoneSimulator.Build.0 = AppStore|iPhoneSimulator
		{34E0D2FA-1A23-4553-8698-65D7C1FCB465}.AppStore|iPhoneSimulator.Deploy.0 = AppStore|iPhoneSimulator
		{34E0D2FA-1A23-4553-8698-65D7C1FCB465}.Debug|Any CPU.ActiveCfg = Debug|iPhoneSimulator
		{34E0D2FA-1A23-4553-8698-65D7C1FCB465}.Debug|Any CPU.Build.0 = Debug|iPhoneSimulator
		{34E0D2FA-1A23-4553-8698-65D7C1FCB465}.Debug|Any CPU.Deploy.0 = Debug|iPhoneSimulator
		{34E0D2FA-1A23-4553-8698-65D7C1FCB465}.Debug|iPhone.ActiveCfg = Debug|iPhone
		{34E0D2FA-1A23-4553-8698-65D7C1FCB465}.Debug|iPhone.Build.0 = Debug|iPhone
		{34E0D2FA-1A23-4553-8698-65D7C1FCB465}.Debug|iPhone.Deploy.0 = Debug|iPhone
		{34E0D2FA-1A23-4553-8698-65D7C1FCB465}.Debug|iPhoneSimulator.ActiveCfg = Debug|iPhoneSimulator
		{34E0D2FA-1A23-4553-8698-65D7C1FCB465}.Debug|iPhoneSimulator.Build.0 = Debug|iPhoneSimulator
		{34E0D2FA-1A23-4553-8698-65D7C1FCB465}.Debug|iPhoneSimulator.Deploy.0 = Debug|iPhoneSimulator
		{34E0D2FA-1A23-4553-8698-65D7C1FCB465}.Release|Any CPU.ActiveCfg = Release|iPhone
		{34E0D2FA-1A23-4553-8698-65D7C1FCB465}.Release|Any CPU.Build.0 = Release|iPhone
		{34E0D2FA-1A23-4553-8698-65D7C1FCB465}.Release|Any CPU.Deploy.0 = Release|iPhone
		{34E0D2FA-1A23-4553-8698-65D7C1FCB465}.Release|iPhone.ActiveCfg = Release|iPhone
		{34E0D2FA-1A23-4553-8698-65D7C1FCB465}.Release|iPhone.Build.0 = Release|iPhone
		{34E0D2FA-1A23-4553-8698-65D7C1FCB465}.Release|iPhone.Deploy.0 = Release|iPhone
		{34E0D2FA-1A23-4553-8698-65D7C1FCB465}.Release|iPhoneSimulator.ActiveCfg = Release|iPhoneSimulator
		{34E0D2FA-1A23-4553-8698-65D7C1FCB465}.Release|iPhoneSimulator.Build.0 = Release|iPhoneSimulator
		{34E0D2FA-1A23-4553-8698-65D7C1FCB465}.Release|iPhoneSimulator.Deploy.0 = Release|iPhoneSimulator
		{5B1177F6-A17A-47B0-B725-7140B8CA6CFF}.Ad-Hoc|Any CPU.ActiveCfg = Debug|Any CPU
		{5B1177F6-A17A-47B0-B725-7140B8CA6CFF}.Ad-Hoc|Any CPU.Build.0 = Debug|Any CPU
		{5B1177F6-A17A-47B0-B725-7140B8CA6CFF}.Ad-Hoc|Any CPU.Deploy.0 = Debug|Any CPU
		{5B1177F6-A17A-47B0-B725-7140B8CA6CFF}.Ad-Hoc|iPhone.ActiveCfg = Debug|Any CPU
		{5B1177F6-A17A-47B0-B725-7140B8CA6CFF}.Ad-Hoc|iPhone.Build.0 = Debug|Any CPU
		{5B1177F6-A17A-47B0-B725-7140B8CA6CFF}.Ad-Hoc|iPhone.Deploy.0 = Debug|Any CPU
		{5B1177F6-A17A-47B0-B725-7140B8CA6CFF}.Ad-Hoc|iPhoneSimulator.ActiveCfg = Debug|Any CPU
		{5B1177F6-A17A-47B0-B725-7140B8CA6CFF}.Ad-Hoc|iPhoneSimulator.Build.0 = Debug|Any CPU
		{5B1177F6-A17A-47B0-B725-7140B8CA6CFF}.Ad-Hoc|iPhoneSimulator.Deploy.0 = Debug|Any CPU
		{5B1177F6-A17A-47B0-B725-7140B8CA6CFF}.AppStore|Any CPU.ActiveCfg = Debug|Any CPU
		{5B1177F6-A17A-47B0-B725-7140B8CA6CFF}.AppStore|Any CPU.Build.0 = Debug|Any CPU
		{5B1177F6-A17A-47B0-B725-7140B8CA6CFF}.AppStore|Any CPU.Deploy.0 = Debug|Any CPU
		{5B1177F6-A17A-47B0-B725-7140B8CA6CFF}.AppStore|iPhone.ActiveCfg = Debug|Any CPU
		{5B1177F6-A17A-47B0-B725-7140B8CA6CFF}.AppStore|iPhone.Build.0 = Debug|Any CPU
		{5B1177F6-A17A-47B0-B725-7140B8CA6CFF}.AppStore|iPhone.Deploy.0 = Debug|Any CPU
		{5B1177F6-A17A-47B0-B725-7140B8CA6CFF}.AppStore|iPhoneSimulator.ActiveCfg = Debug|Any CPU
		{5B1177F6-A17A-47B0-B725-7140B8CA6CFF}.AppStore|iPhoneSimulator.Build.0 = Debug|Any CPU
		{5B1177F6-A17A-47B0-B725-7140B8CA6CFF}.AppStore|iPhoneSimulator.Deploy.0 = Debug|Any CPU
		{5B1177F6-A17A-47B0-B725-7140B8CA6CFF}.Debug|Any CPU.ActiveCfg = Debug|Any CPU
		{5B1177F6-A17A-47B0-B725-7140B8CA6CFF}.Debug|Any CPU.Build.0 = Debug|Any CPU
		{5B1177F6-A17A-47B0-B725-7140B8CA6CFF}.Debug|Any CPU.Deploy.0 = Debug|Any CPU
		{5B1177F6-A17A-47B0-B725-7140B8CA6CFF}.Debug|iPhone.ActiveCfg = Debug|Any CPU
		{5B1177F6-A17A-47B0-B725-7140B8CA6CFF}.Debug|iPhone.Build.0 = Debug|Any CPU
		{5B1177F6-A17A-47B0-B725-7140B8CA6CFF}.Debug|iPhone.Deploy.0 = Debug|Any CPU
		{5B1177F6-A17A-47B0-B725-7140B8CA6CFF}.Debug|iPhoneSimulator.ActiveCfg = Debug|Any CPU
		{5B1177F6-A17A-47B0-B725-7140B8CA6CFF}.Debug|iPhoneSimulator.Build.0 = Debug|Any CPU
		{5B1177F6-A17A-47B0-B725-7140B8CA6CFF}.Debug|iPhoneSimulator.Deploy.0 = Debug|Any CPU
		{5B1177F6-A17A-47B0-B725-7140B8CA6CFF}.Release|Any CPU.ActiveCfg = Release|Any CPU
		{5B1177F6-A17A-47B0-B725-7140B8CA6CFF}.Release|Any CPU.Build.0 = Release|Any CPU
		{5B1177F6-A17A-47B0-B725-7140B8CA6CFF}.Release|Any CPU.Deploy.0 = Release|Any CPU
		{5B1177F6-A17A-47B0-B725-7140B8CA6CFF}.Release|iPhone.ActiveCfg = Release|Any CPU
		{5B1177F6-A17A-47B0-B725-7140B8CA6CFF}.Release|iPhone.Build.0 = Release|Any CPU
		{5B1177F6-A17A-47B0-B725-7140B8CA6CFF}.Release|iPhone.Deploy.0 = Release|Any CPU
		{5B1177F6-A17A-47B0-B725-7140B8CA6CFF}.Release|iPhoneSimulator.ActiveCfg = Release|Any CPU
		{5B1177F6-A17A-47B0-B725-7140B8CA6CFF}.Release|iPhoneSimulator.Build.0 = Release|Any CPU
		{5B1177F6-A17A-47B0-B725-7140B8CA6CFF}.Release|iPhoneSimulator.Deploy.0 = Release|Any CPU
	EndGlobalSection
	GlobalSection(SolutionProperties) = preSolution
		HideSolutionNode = FALSE
	EndGlobalSection
	GlobalSection(ExtensibilityGlobals) = postSolution
		SolutionGuid = {2A10CB64-7718-4DF3-BC1E-A61A9DC23EC3}
	EndGlobalSection
EndGlobal
